
Microsoft Visual Studio Solution File, Format Version 12.00
# Visual Studio 15
VisualStudioVersion = 15.0.26403.7
MinimumVisualStudioVersion = 10.0.40219.1
Project("{2150E333-8FDC-42A3-9474-1A3956D46DE8}") = "Library", "Library", "{EE0E0A61-490B-4D7B-8A24-E62BC92DEF1D}"
EndProject
Project("{2150E333-8FDC-42A3-9474-1A3956D46DE8}") = "Solution Items", "Solution Items", "{2D0F7870-C804-4185-9253-6D1F85B09B2F}"
	ProjectSection(SolutionItems) = preProject
		Client.nuspec = Client.nuspec
		README.md = README.md
	EndProjectSection
EndProject
Project("{FAE04EC0-301F-11D3-BF4B-00C04F79EFBC}") = "MessageVault.Client", "src\MessageVault\MessageVault.Client.csproj", "{FA9FED71-1545-4CB9-AE0E-489B00288313}"
EndProject
Project("{FAE04EC0-301F-11D3-BF4B-00C04F79EFBC}") = "MessageVault.Core", "src\MessageVault.Core\MessageVault.Core.csproj", "{0BF027CA-F007-405D-BD85-F5578BFF0B2D}"
EndProject
Global
	GlobalSection(SolutionConfigurationPlatforms) = preSolution
		Debug|Any CPU = Debug|Any CPU
		Release|Any CPU = Release|Any CPU
	EndGlobalSection
	GlobalSection(ProjectConfigurationPlatforms) = postSolution
		{FA9FED71-1545-4CB9-AE0E-489B00288313}.Debug|Any CPU.ActiveCfg = Debug|Any CPU
		{FA9FED71-1545-4CB9-AE0E-489B00288313}.Debug|Any CPU.Build.0 = Debug|Any CPU
		{FA9FED71-1545-4CB9-AE0E-489B00288313}.Release|Any CPU.ActiveCfg = Release|Any CPU
		{FA9FED71-1545-4CB9-AE0E-489B00288313}.Release|Any CPU.Build.0 = Release|Any CPU
		{0BF027CA-F007-405D-BD85-F5578BFF0B2D}.Debug|Any CPU.ActiveCfg = Debug|Any CPU
		{0BF027CA-F007-405D-BD85-F5578BFF0B2D}.Debug|Any CPU.Build.0 = Debug|Any CPU
		{0BF027CA-F007-405D-BD85-F5578BFF0B2D}.Release|Any CPU.ActiveCfg = Release|Any CPU
		{0BF027CA-F007-405D-BD85-F5578BFF0B2D}.Release|Any CPU.Build.0 = Release|Any CPU
	EndGlobalSection
	GlobalSection(SolutionProperties) = preSolution
		HideSolutionNode = FALSE
	EndGlobalSection
	GlobalSection(NestedProjects) = preSolution
		{FA9FED71-1545-4CB9-AE0E-489B00288313} = {EE0E0A61-490B-4D7B-8A24-E62BC92DEF1D}
		{0BF027CA-F007-405D-BD85-F5578BFF0B2D} = {EE0E0A61-490B-4D7B-8A24-E62BC92DEF1D}
	EndGlobalSection
EndGlobal
