
Microsoft Visual Studio Solution File, Format Version 12.00
# Visual Studio 2013
VisualStudioVersion = 12.0.31101.0
MinimumVisualStudioVersion = 10.0.40219.1
Project("{2150E333-8FDC-42A3-9474-1A3956D46DE8}") = "UsageSample", "UsageSample", "{68D2ECEC-91A4-4E0C-BE08-80546A222B3F}"
EndProject
Project("{2150E333-8FDC-42A3-9474-1A3956D46DE8}") = "Library", "Library", "{EE0E0A61-490B-4D7B-8A24-E62BC92DEF1D}"
EndProject
Project("{2150E333-8FDC-42A3-9474-1A3956D46DE8}") = "Solution Items", "Solution Items", "{2D0F7870-C804-4185-9253-6D1F85B09B2F}"
	ProjectSection(SolutionItems) = preProject
		Client.nuspec = Client.nuspec
		README.md = README.md
		Server.nuspec = Server.nuspec
	EndProjectSection
EndProject
Project("{2150E333-8FDC-42A3-9474-1A3956D46DE8}") = "AzureDeployment", "AzureDeployment", "{4601223A-40F6-47CF-A30A-C0A8A43D1A6F}"
EndProject
Project("{CC5FD16D-436D-48AD-A40C-5A424C6E3E79}") = "AzureCloudService", "src\AzureCloudService\AzureCloudService.ccproj", "{BE00716F-13A9-4627-A6D4-27AC94568BEB}"
EndProject
Project("{FAE04EC0-301F-11D3-BF4B-00C04F79EFBC}") = "WorkerRole", "src\WorkerRole\WorkerRole.csproj", "{2BACA8A6-6024-4EC4-A879-E0B36A50959B}"
EndProject
Project("{FAE04EC0-301F-11D3-BF4B-00C04F79EFBC}") = "MessageVault.Client", "src\MessageVault\MessageVault.Client.csproj", "{FA9FED71-1545-4CB9-AE0E-489B00288313}"
EndProject
Project("{FAE04EC0-301F-11D3-BF4B-00C04F79EFBC}") = "InteractiveConsole", "src\InteractiveConsole\InteractiveConsole.csproj", "{8D575A00-C8D8-4751-B58B-42E30FE455B1}"
EndProject
Project("{FAE04EC0-301F-11D3-BF4B-00C04F79EFBC}") = "MessageVault.Server", "src\MessageVault.Server\MessageVault.Server.csproj", "{D48DBD24-16F4-4698-9197-6EFE5BA92498}"
EndProject
Project("{FAE04EC0-301F-11D3-BF4B-00C04F79EFBC}") = "PublisherSample", "src\PublisherSample\PublisherSample.csproj", "{E66257D8-E57D-47B1-8AAC-A5D32FA23B75}"
EndProject
Project("{FAE04EC0-301F-11D3-BF4B-00C04F79EFBC}") = "StressTester", "src\StressTester\StressTester.csproj", "{7E5AF258-FD10-48E5-AF06-6A3F5C1F9807}"
EndProject
Project("{FAE04EC0-301F-11D3-BF4B-00C04F79EFBC}") = "CqrsReplicator", "src\CqrsReplicator\CqrsReplicator.csproj", "{F716C589-829F-4AE9-97D0-4762430FBFEA}"
EndProject
Project("{FAE04EC0-301F-11D3-BF4B-00C04F79EFBC}") = "MessageVault.Core", "src\MessageVault.Core\MessageVault.Core.csproj", "{0BF027CA-F007-405D-BD85-F5578BFF0B2D}"
EndProject
Project("{FAE04EC0-301F-11D3-BF4B-00C04F79EFBC}") = "Cache", "src\Cache\Cache.csproj", "{202D0BD8-A4CF-49BE-906B-56E6C8815092}"
EndProject
Project("{FAE04EC0-301F-11D3-BF4B-00C04F79EFBC}") = "CacheRepair", "src\CacheRepair\CacheRepair.csproj", "{D23A9C53-DCF8-4F75-81FC-8EBCBA76E4CB}"
EndProject
Global
	GlobalSection(SolutionConfigurationPlatforms) = preSolution
		Debug|Any CPU = Debug|Any CPU
		Release|Any CPU = Release|Any CPU
	EndGlobalSection
	GlobalSection(ProjectConfigurationPlatforms) = postSolution
		{BE00716F-13A9-4627-A6D4-27AC94568BEB}.Debug|Any CPU.ActiveCfg = Debug|Any CPU
		{BE00716F-13A9-4627-A6D4-27AC94568BEB}.Debug|Any CPU.Build.0 = Debug|Any CPU
		{BE00716F-13A9-4627-A6D4-27AC94568BEB}.Release|Any CPU.ActiveCfg = Release|Any CPU
		{BE00716F-13A9-4627-A6D4-27AC94568BEB}.Release|Any CPU.Build.0 = Release|Any CPU
		{2BACA8A6-6024-4EC4-A879-E0B36A50959B}.Debug|Any CPU.ActiveCfg = Debug|Any CPU
		{2BACA8A6-6024-4EC4-A879-E0B36A50959B}.Debug|Any CPU.Build.0 = Debug|Any CPU
		{2BACA8A6-6024-4EC4-A879-E0B36A50959B}.Release|Any CPU.ActiveCfg = Release|Any CPU
		{2BACA8A6-6024-4EC4-A879-E0B36A50959B}.Release|Any CPU.Build.0 = Release|Any CPU
		{FA9FED71-1545-4CB9-AE0E-489B00288313}.Debug|Any CPU.ActiveCfg = Debug|Any CPU
		{FA9FED71-1545-4CB9-AE0E-489B00288313}.Debug|Any CPU.Build.0 = Debug|Any CPU
		{FA9FED71-1545-4CB9-AE0E-489B00288313}.Release|Any CPU.ActiveCfg = Release|Any CPU
		{FA9FED71-1545-4CB9-AE0E-489B00288313}.Release|Any CPU.Build.0 = Release|Any CPU
		{8D575A00-C8D8-4751-B58B-42E30FE455B1}.Debug|Any CPU.ActiveCfg = Debug|Any CPU
		{8D575A00-C8D8-4751-B58B-42E30FE455B1}.Debug|Any CPU.Build.0 = Debug|Any CPU
		{8D575A00-C8D8-4751-B58B-42E30FE455B1}.Release|Any CPU.ActiveCfg = Release|Any CPU
		{8D575A00-C8D8-4751-B58B-42E30FE455B1}.Release|Any CPU.Build.0 = Release|Any CPU
		{D48DBD24-16F4-4698-9197-6EFE5BA92498}.Debug|Any CPU.ActiveCfg = Debug|Any CPU
		{D48DBD24-16F4-4698-9197-6EFE5BA92498}.Debug|Any CPU.Build.0 = Debug|Any CPU
		{D48DBD24-16F4-4698-9197-6EFE5BA92498}.Release|Any CPU.ActiveCfg = Release|Any CPU
		{D48DBD24-16F4-4698-9197-6EFE5BA92498}.Release|Any CPU.Build.0 = Release|Any CPU
		{E66257D8-E57D-47B1-8AAC-A5D32FA23B75}.Debug|Any CPU.ActiveCfg = Debug|Any CPU
		{E66257D8-E57D-47B1-8AAC-A5D32FA23B75}.Debug|Any CPU.Build.0 = Debug|Any CPU
		{E66257D8-E57D-47B1-8AAC-A5D32FA23B75}.Release|Any CPU.ActiveCfg = Release|Any CPU
		{E66257D8-E57D-47B1-8AAC-A5D32FA23B75}.Release|Any CPU.Build.0 = Release|Any CPU
		{7E5AF258-FD10-48E5-AF06-6A3F5C1F9807}.Debug|Any CPU.ActiveCfg = Debug|Any CPU
		{7E5AF258-FD10-48E5-AF06-6A3F5C1F9807}.Debug|Any CPU.Build.0 = Debug|Any CPU
		{7E5AF258-FD10-48E5-AF06-6A3F5C1F9807}.Release|Any CPU.ActiveCfg = Release|Any CPU
		{7E5AF258-FD10-48E5-AF06-6A3F5C1F9807}.Release|Any CPU.Build.0 = Release|Any CPU
		{F716C589-829F-4AE9-97D0-4762430FBFEA}.Debug|Any CPU.ActiveCfg = Debug|Any CPU
		{F716C589-829F-4AE9-97D0-4762430FBFEA}.Debug|Any CPU.Build.0 = Debug|Any CPU
		{F716C589-829F-4AE9-97D0-4762430FBFEA}.Release|Any CPU.ActiveCfg = Release|Any CPU
		{F716C589-829F-4AE9-97D0-4762430FBFEA}.Release|Any CPU.Build.0 = Release|Any CPU
		{0BF027CA-F007-405D-BD85-F5578BFF0B2D}.Debug|Any CPU.ActiveCfg = Debug|Any CPU
		{0BF027CA-F007-405D-BD85-F5578BFF0B2D}.Debug|Any CPU.Build.0 = Debug|Any CPU
		{0BF027CA-F007-405D-BD85-F5578BFF0B2D}.Release|Any CPU.ActiveCfg = Release|Any CPU
		{0BF027CA-F007-405D-BD85-F5578BFF0B2D}.Release|Any CPU.Build.0 = Release|Any CPU
		{202D0BD8-A4CF-49BE-906B-56E6C8815092}.Debug|Any CPU.ActiveCfg = Debug|Any CPU
		{202D0BD8-A4CF-49BE-906B-56E6C8815092}.Debug|Any CPU.Build.0 = Debug|Any CPU
		{202D0BD8-A4CF-49BE-906B-56E6C8815092}.Release|Any CPU.ActiveCfg = Release|Any CPU
		{202D0BD8-A4CF-49BE-906B-56E6C8815092}.Release|Any CPU.Build.0 = Release|Any CPU
		{D23A9C53-DCF8-4F75-81FC-8EBCBA76E4CB}.Debug|Any CPU.ActiveCfg = Debug|Any CPU
		{D23A9C53-DCF8-4F75-81FC-8EBCBA76E4CB}.Debug|Any CPU.Build.0 = Debug|Any CPU
		{D23A9C53-DCF8-4F75-81FC-8EBCBA76E4CB}.Release|Any CPU.ActiveCfg = Release|Any CPU
		{D23A9C53-DCF8-4F75-81FC-8EBCBA76E4CB}.Release|Any CPU.Build.0 = Release|Any CPU
	EndGlobalSection
	GlobalSection(SolutionProperties) = preSolution
		HideSolutionNode = FALSE
	EndGlobalSection
	GlobalSection(NestedProjects) = preSolution
		{4601223A-40F6-47CF-A30A-C0A8A43D1A6F} = {68D2ECEC-91A4-4E0C-BE08-80546A222B3F}
		{BE00716F-13A9-4627-A6D4-27AC94568BEB} = {4601223A-40F6-47CF-A30A-C0A8A43D1A6F}
		{2BACA8A6-6024-4EC4-A879-E0B36A50959B} = {4601223A-40F6-47CF-A30A-C0A8A43D1A6F}
		{FA9FED71-1545-4CB9-AE0E-489B00288313} = {EE0E0A61-490B-4D7B-8A24-E62BC92DEF1D}
		{8D575A00-C8D8-4751-B58B-42E30FE455B1} = {68D2ECEC-91A4-4E0C-BE08-80546A222B3F}
		{D48DBD24-16F4-4698-9197-6EFE5BA92498} = {EE0E0A61-490B-4D7B-8A24-E62BC92DEF1D}
		{E66257D8-E57D-47B1-8AAC-A5D32FA23B75} = {68D2ECEC-91A4-4E0C-BE08-80546A222B3F}
		{7E5AF258-FD10-48E5-AF06-6A3F5C1F9807} = {68D2ECEC-91A4-4E0C-BE08-80546A222B3F}
		{F716C589-829F-4AE9-97D0-4762430FBFEA} = {68D2ECEC-91A4-4E0C-BE08-80546A222B3F}
		{0BF027CA-F007-405D-BD85-F5578BFF0B2D} = {EE0E0A61-490B-4D7B-8A24-E62BC92DEF1D}
		{202D0BD8-A4CF-49BE-906B-56E6C8815092} = {68D2ECEC-91A4-4E0C-BE08-80546A222B3F}
		{D23A9C53-DCF8-4F75-81FC-8EBCBA76E4CB} = {68D2ECEC-91A4-4E0C-BE08-80546A222B3F}
	EndGlobalSection
EndGlobal
